
Microsoft Visual Studio Solution File, Format Version 12.00
# Visual Studio Version 17
VisualStudioVersion = 17.13.35931.197 d17.13
MinimumVisualStudioVersion = 10.0.40219.1
Project("{FAE04EC0-301F-11D3-BF4B-00C04F79EFBC}") = "ManageShceduleProject", "ManageShceduleProject\ManageShceduleProject.csproj", "{E36CE706-7AE5-41CC-A6AC-32F3268C6FBD}"
EndProject
Global
	GlobalSection(SolutionConfigurationPlatforms) = preSolution
		Debug|Any CPU = Debug|Any CPU
		Release|Any CPU = Release|Any CPU
	EndGlobalSection
	GlobalSection(ProjectConfigurationPlatforms) = postSolution
		{E36CE706-7AE5-41CC-A6AC-32F3268C6FBD}.Debug|Any CPU.ActiveCfg = Debug|Any CPU
		{E36CE706-7AE5-41CC-A6AC-32F3268C6FBD}.Debug|Any CPU.Build.0 = Debug|Any CPU
		{E36CE706-7AE5-41CC-A6AC-32F3268C6FBD}.Release|Any CPU.ActiveCfg = Release|Any CPU
		{E36CE706-7AE5-41CC-A6AC-32F3268C6FBD}.Release|Any CPU.Build.0 = Release|Any CPU
	EndGlobalSection
	GlobalSection(SolutionProperties) = preSolution
		HideSolutionNode = FALSE
	EndGlobalSection
	GlobalSection(ExtensibilityGlobals) = postSolution
		SolutionGuid = {DF02E424-E7BE-43C9-B0D3-8FB9FE68C362}
	EndGlobalSection
EndGlobal
